
Microsoft Visual Studio Solution File, Format Version 12.00
# Visual Studio Version 16
VisualStudioVersion = 16.0.29509.3
MinimumVisualStudioVersion = 10.0.40219.1
Project("{2150E333-8FDC-42A3-9474-1A3956D46DE8}") = "Tests", "Tests", "{B4C78CF0-3656-4D63-9432-E8D0616EF6D6}"
EndProject
Project("{2150E333-8FDC-42A3-9474-1A3956D46DE8}") = "Samples", "Samples", "{D28FAB65-065C-4915-8A3A-780E8718CB2C}"
EndProject
Project("{9A19103F-16F7-4668-BE54-9A1E7A4F7556}") = "Prism.Autofac.Mutable.Wpf.Tests", "test\Prism.Autofac.Mutable.Wpf.Tests\Prism.Autofac.Mutable.Wpf.Tests.csproj", "{6D916948-5788-4DA1-B841-B1AE155FB5CB}"
EndProject
Project("{9A19103F-16F7-4668-BE54-9A1E7A4F7556}") = "Prism.Autofac.Mutable.Wpf", "src\Prism.Autofac.Mutable.Wpf\Prism.Autofac.Mutable.Wpf.csproj", "{A790313B-C978-4F5B-A164-561434D4B2D3}"
EndProject
Project("{9A19103F-16F7-4668-BE54-9A1E7A4F7556}") = "DemoApplication", "samples\DemoApplication\DemoApplication.csproj", "{2D51BE82-0F55-41DE-AA29-F63C4D13BB9B}"
EndProject
Global
	GlobalSection(SolutionConfigurationPlatforms) = preSolution
		Debug|Any CPU = Debug|Any CPU
		Release|Any CPU = Release|Any CPU
	EndGlobalSection
	GlobalSection(ProjectConfigurationPlatforms) = postSolution
		{6D916948-5788-4DA1-B841-B1AE155FB5CB}.Debug|Any CPU.ActiveCfg = Debug|Any CPU
		{6D916948-5788-4DA1-B841-B1AE155FB5CB}.Debug|Any CPU.Build.0 = Debug|Any CPU
		{6D916948-5788-4DA1-B841-B1AE155FB5CB}.Release|Any CPU.ActiveCfg = Release|Any CPU
		{6D916948-5788-4DA1-B841-B1AE155FB5CB}.Release|Any CPU.Build.0 = Release|Any CPU
		{A790313B-C978-4F5B-A164-561434D4B2D3}.Debug|Any CPU.ActiveCfg = Debug|Any CPU
		{A790313B-C978-4F5B-A164-561434D4B2D3}.Debug|Any CPU.Build.0 = Debug|Any CPU
		{A790313B-C978-4F5B-A164-561434D4B2D3}.Release|Any CPU.ActiveCfg = Release|Any CPU
		{A790313B-C978-4F5B-A164-561434D4B2D3}.Release|Any CPU.Build.0 = Release|Any CPU
		{2D51BE82-0F55-41DE-AA29-F63C4D13BB9B}.Debug|Any CPU.ActiveCfg = Debug|Any CPU
		{2D51BE82-0F55-41DE-AA29-F63C4D13BB9B}.Debug|Any CPU.Build.0 = Debug|Any CPU
		{2D51BE82-0F55-41DE-AA29-F63C4D13BB9B}.Release|Any CPU.ActiveCfg = Release|Any CPU
		{2D51BE82-0F55-41DE-AA29-F63C4D13BB9B}.Release|Any CPU.Build.0 = Release|Any CPU
	EndGlobalSection
	GlobalSection(SolutionProperties) = preSolution
		HideSolutionNode = FALSE
	EndGlobalSection
	GlobalSection(NestedProjects) = preSolution
		{6D916948-5788-4DA1-B841-B1AE155FB5CB} = {B4C78CF0-3656-4D63-9432-E8D0616EF6D6}
		{2D51BE82-0F55-41DE-AA29-F63C4D13BB9B} = {D28FAB65-065C-4915-8A3A-780E8718CB2C}
	EndGlobalSection
	GlobalSection(ExtensibilityGlobals) = postSolution
		SolutionGuid = {353CA245-A501-4F71-886D-193703E323A8}
	EndGlobalSection
EndGlobal
